{
    "_meta": {
        "hash": {
            "sha256": "3b7e3573a51fa3af72efe0bda50f937fa6ef5fb2e5b1d6af37f68a4d449815d8"
        },
        "pipfile-spec": 6,
        "requires": {
            "python_version": "3"
        },
        "sources": [
            {
                "name": "pypi",
                "url": "https://pypi.org/simple",
                "verify_ssl": true
            }
        ]
    },
    "default": {
        "async-timeout": {
            "hashes": [
                "sha256:4640d96be84d82d02ed59ea2b7105a0f7b33abe8703703cd0ab0bf87c427522f",
                "sha256:7405140ff1230c310e51dc27b3145b9092d659ce68ff733fb0cefe3ee42be028"
            ],
            "markers": "python_full_version < '3.11.3'",
            "version": "==4.0.3"
        },
        "paho-mqtt": {
            "hashes": [
                "sha256:12d6e7511d4137555a3f6ea167ae846af2c7357b10bc6fa4f7c3968fc1723834",
                "sha256:6db9ba9b34ed5bc6b6e3812718c7e06e2fd7444540df2455d2c51bd58808feee"
            ],
            "index": "pypi",
            "version": "==2.1.0"
        },
        "redis": {
            "hashes": [
                "sha256:0c5b10d387568dfe0698c6fad6615750c24170e548ca2deac10c649d463e9870",
                "sha256:56134ee08ea909106090934adc36f65c9bcbbaecea5b21ba704ba6fb561f8eb4"
            ],
            "index": "pypi",
            "version": "==5.0.8"
        }
    },
    "develop": {}
}
